
Microsoft Visual Studio Solution File, Format Version 12.00
# Visual Studio Version 17
VisualStudioVersion = 17.8.34330.188
MinimumVisualStudioVersion = 10.0.40219.1
Project("{FAE04EC0-301F-11D3-BF4B-00C04F79EFBC}") = "HairDres", "HairDres.csproj", "{1443A25C-95D6-4326-8DF2-EBDF2BF8DC01}"
EndProject
Global
	GlobalSection(SolutionConfigurationPlatforms) = preSolution
		Debug|Any CPU = Debug|Any CPU
		Release|Any CPU = Release|Any CPU
	EndGlobalSection
	GlobalSection(ProjectConfigurationPlatforms) = postSolution
		{1443A25C-95D6-4326-8DF2-EBDF2BF8DC01}.Debug|Any CPU.ActiveCfg = Debug|Any CPU
		{1443A25C-95D6-4326-8DF2-EBDF2BF8DC01}.Debug|Any CPU.Build.0 = Debug|Any CPU
		{1443A25C-95D6-4326-8DF2-EBDF2BF8DC01}.Release|Any CPU.ActiveCfg = Release|Any CPU
		{1443A25C-95D6-4326-8DF2-EBDF2BF8DC01}.Release|Any CPU.Build.0 = Release|Any CPU
	EndGlobalSection
	GlobalSection(SolutionProperties) = preSolution
		HideSolutionNode = FALSE
	EndGlobalSection
	GlobalSection(ExtensibilityGlobals) = postSolution
		SolutionGuid = {D61F44A9-7AAB-4964-8521-6DCABFE11B58}
	EndGlobalSection
EndGlobal
